
Microsoft Visual Studio Solution File, Format Version 12.00
# Visual Studio Version 17
VisualStudioVersion = 17.0.31611.283
MinimumVisualStudioVersion = 10.0.40219.1
Project("{9A19103F-16F7-4668-BE54-9A1E7A4F7556}") = "GeorgaMobileClient", "GeorgaMobileClient\GeorgaMobileClient.csproj", "{13AA5917-D785-4F18-AF48-05DCB5138D4A}"
EndProject
Project("{9A19103F-16F7-4668-BE54-9A1E7A4F7556}") = "GeorgaMobileDatabase", "GeorgaMobileDatabase\GeorgaMobileDatabase.csproj", "{DE7D1DC8-407A-4F5F-A5CB-4450ED1A4BC2}"
EndProject
Global
	GlobalSection(SolutionConfigurationPlatforms) = preSolution
		Debug|Any CPU = Debug|Any CPU
		Release|Any CPU = Release|Any CPU
	EndGlobalSection
	GlobalSection(ProjectConfigurationPlatforms) = postSolution
		{13AA5917-D785-4F18-AF48-05DCB5138D4A}.Debug|Any CPU.ActiveCfg = Debug|Any CPU
		{13AA5917-D785-4F18-AF48-05DCB5138D4A}.Debug|Any CPU.Build.0 = Debug|Any CPU
		{13AA5917-D785-4F18-AF48-05DCB5138D4A}.Debug|Any CPU.Deploy.0 = Debug|Any CPU
		{13AA5917-D785-4F18-AF48-05DCB5138D4A}.Release|Any CPU.ActiveCfg = Release|Any CPU
		{13AA5917-D785-4F18-AF48-05DCB5138D4A}.Release|Any CPU.Build.0 = Release|Any CPU
		{13AA5917-D785-4F18-AF48-05DCB5138D4A}.Release|Any CPU.Deploy.0 = Release|Any CPU
		{DE7D1DC8-407A-4F5F-A5CB-4450ED1A4BC2}.Debug|Any CPU.ActiveCfg = Debug|Any CPU
		{DE7D1DC8-407A-4F5F-A5CB-4450ED1A4BC2}.Debug|Any CPU.Build.0 = Debug|Any CPU
		{DE7D1DC8-407A-4F5F-A5CB-4450ED1A4BC2}.Release|Any CPU.ActiveCfg = Release|Any CPU
		{DE7D1DC8-407A-4F5F-A5CB-4450ED1A4BC2}.Release|Any CPU.Build.0 = Release|Any CPU
	EndGlobalSection
	GlobalSection(SolutionProperties) = preSolution
		HideSolutionNode = FALSE
	EndGlobalSection
	GlobalSection(ExtensibilityGlobals) = postSolution
		SolutionGuid = {61F7FB11-1E47-470C-91E2-47F8143E1572}
	EndGlobalSection
EndGlobal
